{
  "pins" : [
    {
      "identity" : "resvg-swift",
      "kind" : "remoteSourceControl",
      "location" : "https://github.com/diaryx-org/resvg-swift.git",
      "state" : {
        "revision" : "769cdcdae5416b575fad042d381a00f7c5bf5586",
        "version" : "0.1.2"
      }
    }
  ],
  "version" : 2
}
